
Microsoft Visual Studio Solution File, Format Version 12.00
# Visual Studio Version 17
VisualStudioVersion = 17.4.33110.190
MinimumVisualStudioVersion = 10.0.40219.1
Project("{FAE04EC0-301F-11D3-BF4B-00C04F79EFBC}") = "Hastane Yönetim Sistemi", "Hastane Yönetim Sistemi\Hastane Yönetim Sistemi.csproj", "{01E75ED9-E7F4-49E3-A159-0C3CE5AB5E45}"
EndProject
Global
	GlobalSection(SolutionConfigurationPlatforms) = preSolution
		Debug|Any CPU = Debug|Any CPU
		Release|Any CPU = Release|Any CPU
	EndGlobalSection
	GlobalSection(ProjectConfigurationPlatforms) = postSolution
		{01E75ED9-E7F4-49E3-A159-0C3CE5AB5E45}.Debug|Any CPU.ActiveCfg = Debug|Any CPU
		{01E75ED9-E7F4-49E3-A159-0C3CE5AB5E45}.Debug|Any CPU.Build.0 = Debug|Any CPU
		{01E75ED9-E7F4-49E3-A159-0C3CE5AB5E45}.Release|Any CPU.ActiveCfg = Release|Any CPU
		{01E75ED9-E7F4-49E3-A159-0C3CE5AB5E45}.Release|Any CPU.Build.0 = Release|Any CPU
	EndGlobalSection
	GlobalSection(SolutionProperties) = preSolution
		HideSolutionNode = FALSE
	EndGlobalSection
	GlobalSection(ExtensibilityGlobals) = postSolution
		SolutionGuid = {5749FE93-8EEE-4EF8-8716-A94D819804CE}
	EndGlobalSection
EndGlobal
